{
  "name": "create-3h-node",
  "version": "0.3.2",
  "lockfileVersion": 1,
  "requires": true,
  "dependencies": {
    "3h-cli": {
      "version": "2.2.1",
      "resolved": "https://registry.npmjs.org/3h-cli/-/3h-cli-2.2.1.tgz",
      "integrity": "sha512-z3CFt0ukc1YnIzWJspUqUiJzXDzUQs1b14/9ltcd0QshvZp0sRdEFho+ZH6s+DxD1PiQk6utRLyK3Jgb4WS0cQ=="
    },
    "@types/node": {
      "version": "13.7.4",
      "resolved": "https://registry.npm.taobao.org/@types/node/download/@types/node-13.7.4.tgz",
      "integrity": "sha1-dsPLOhKQlRD1Ll3ASmKYzflQT/0=",
      "dev": true
    }
  }
}
